
Microsoft Visual Studio Solution File, Format Version 12.00
# Visual Studio Version 17
VisualStudioVersion = 17.0.31919.166
MinimumVisualStudioVersion = 10.0.40219.1
Project("{9A19103F-16F7-4668-BE54-9A1E7A4F7556}") = "Domain", "Domain\Domain.csproj", "{2C7BEAFE-E2D1-4307-AC86-EDD2F40FFA54}"
EndProject
Project("{9A19103F-16F7-4668-BE54-9A1E7A4F7556}") = "ClientWindowsForms", "Client\ClientWindowsForms.csproj", "{A933D5B1-D569-4384-A60F-E3F5113D78C2}"
EndProject
Project("{9A19103F-16F7-4668-BE54-9A1E7A4F7556}") = "WebAPI", "WebAPI\WebAPI.csproj", "{F04B3E6D-F02A-48EE-9046-7E2F2D213A53}"
EndProject
Project("{9A19103F-16F7-4668-BE54-9A1E7A4F7556}") = "Tests", "Tests\Tests.csproj", "{8C3AF792-BE4C-4DF5-B509-82EC11F0E941}"
EndProject
Global
	GlobalSection(SolutionConfigurationPlatforms) = preSolution
		Debug|Any CPU = Debug|Any CPU
		Release|Any CPU = Release|Any CPU
	EndGlobalSection
	GlobalSection(ProjectConfigurationPlatforms) = postSolution
		{2C7BEAFE-E2D1-4307-AC86-EDD2F40FFA54}.Debug|Any CPU.ActiveCfg = Debug|Any CPU
		{2C7BEAFE-E2D1-4307-AC86-EDD2F40FFA54}.Debug|Any CPU.Build.0 = Debug|Any CPU
		{2C7BEAFE-E2D1-4307-AC86-EDD2F40FFA54}.Release|Any CPU.ActiveCfg = Release|Any CPU
		{2C7BEAFE-E2D1-4307-AC86-EDD2F40FFA54}.Release|Any CPU.Build.0 = Release|Any CPU
		{A933D5B1-D569-4384-A60F-E3F5113D78C2}.Debug|Any CPU.ActiveCfg = Debug|Any CPU
		{A933D5B1-D569-4384-A60F-E3F5113D78C2}.Debug|Any CPU.Build.0 = Debug|Any CPU
		{A933D5B1-D569-4384-A60F-E3F5113D78C2}.Release|Any CPU.ActiveCfg = Release|Any CPU
		{A933D5B1-D569-4384-A60F-E3F5113D78C2}.Release|Any CPU.Build.0 = Release|Any CPU
		{F04B3E6D-F02A-48EE-9046-7E2F2D213A53}.Debug|Any CPU.ActiveCfg = Debug|Any CPU
		{F04B3E6D-F02A-48EE-9046-7E2F2D213A53}.Debug|Any CPU.Build.0 = Debug|Any CPU
		{F04B3E6D-F02A-48EE-9046-7E2F2D213A53}.Release|Any CPU.ActiveCfg = Release|Any CPU
		{F04B3E6D-F02A-48EE-9046-7E2F2D213A53}.Release|Any CPU.Build.0 = Release|Any CPU
		{8C3AF792-BE4C-4DF5-B509-82EC11F0E941}.Debug|Any CPU.ActiveCfg = Debug|Any CPU
		{8C3AF792-BE4C-4DF5-B509-82EC11F0E941}.Debug|Any CPU.Build.0 = Debug|Any CPU
		{8C3AF792-BE4C-4DF5-B509-82EC11F0E941}.Release|Any CPU.ActiveCfg = Release|Any CPU
		{8C3AF792-BE4C-4DF5-B509-82EC11F0E941}.Release|Any CPU.Build.0 = Release|Any CPU
	EndGlobalSection
	GlobalSection(SolutionProperties) = preSolution
		HideSolutionNode = FALSE
	EndGlobalSection
	GlobalSection(ExtensibilityGlobals) = postSolution
		SolutionGuid = {704E9F92-1C53-4A72-841F-A0459404F346}
	EndGlobalSection
EndGlobal
